
Microsoft Visual Studio Solution File, Format Version 12.00
# Visual Studio Version 17
VisualStudioVersion = 17.13.35931.197 d17.13
MinimumVisualStudioVersion = 10.0.40219.1
Project("{FAE04EC0-301F-11D3-BF4B-00C04F79EFBC}") = "Cohen-Sutherland", "Cohen-Sutherland\Cohen-Sutherland.csproj", "{8626F2AA-9713-4277-8EBD-8AD491F3BE25}"
EndProject
Global
	GlobalSection(SolutionConfigurationPlatforms) = preSolution
		Debug|Any CPU = Debug|Any CPU
		Release|Any CPU = Release|Any CPU
	EndGlobalSection
	GlobalSection(ProjectConfigurationPlatforms) = postSolution
		{8626F2AA-9713-4277-8EBD-8AD491F3BE25}.Debug|Any CPU.ActiveCfg = Debug|Any CPU
		{8626F2AA-9713-4277-8EBD-8AD491F3BE25}.Debug|Any CPU.Build.0 = Debug|Any CPU
		{8626F2AA-9713-4277-8EBD-8AD491F3BE25}.Release|Any CPU.ActiveCfg = Release|Any CPU
		{8626F2AA-9713-4277-8EBD-8AD491F3BE25}.Release|Any CPU.Build.0 = Release|Any CPU
	EndGlobalSection
	GlobalSection(SolutionProperties) = preSolution
		HideSolutionNode = FALSE
	EndGlobalSection
	GlobalSection(ExtensibilityGlobals) = postSolution
		SolutionGuid = {0D36E305-3524-4F23-8217-473F9313D557}
	EndGlobalSection
EndGlobal
